
Microsoft Visual Studio Solution File, Format Version 12.00
# Visual Studio Version 16
VisualStudioVersion = 16.0.29324.140
MinimumVisualStudioVersion = 10.0.40219.1
Project("{2150E333-8FDC-42A3-9474-1A3956D46DE8}") = "src", "src", "{0849D683-2446-4631-8FE2-696F45BD13B2}"
EndProject
Project("{2150E333-8FDC-42A3-9474-1A3956D46DE8}") = "tests", "tests", "{7ED2B4B2-C6F3-4FCB-BD1E-ABEAC60493A6}"
EndProject
Project("{FAE04EC0-301F-11D3-BF4B-00C04F79EFBC}") = "ToDo.Core.Tests", "tests\XUnitTestProject1\ToDo.Core.Tests.csproj", "{E06B7AD2-1800-4C2F-92EA-15B14F8BD6FE}"
EndProject
Project("{9A19103F-16F7-4668-BE54-9A1E7A4F7556}") = "ToDo.Core", "src\ToDo.Core\ToDo.Core.csproj", "{D2030940-F82A-458F-AA6B-13757685C300}"
EndProject
Global
	GlobalSection(SolutionConfigurationPlatforms) = preSolution
		Debug|Any CPU = Debug|Any CPU
		Release|Any CPU = Release|Any CPU
	EndGlobalSection
	GlobalSection(ProjectConfigurationPlatforms) = postSolution
		{E06B7AD2-1800-4C2F-92EA-15B14F8BD6FE}.Debug|Any CPU.ActiveCfg = Debug|Any CPU
		{E06B7AD2-1800-4C2F-92EA-15B14F8BD6FE}.Debug|Any CPU.Build.0 = Debug|Any CPU
		{E06B7AD2-1800-4C2F-92EA-15B14F8BD6FE}.Release|Any CPU.ActiveCfg = Release|Any CPU
		{E06B7AD2-1800-4C2F-92EA-15B14F8BD6FE}.Release|Any CPU.Build.0 = Release|Any CPU
		{D2030940-F82A-458F-AA6B-13757685C300}.Debug|Any CPU.ActiveCfg = Debug|Any CPU
		{D2030940-F82A-458F-AA6B-13757685C300}.Debug|Any CPU.Build.0 = Debug|Any CPU
		{D2030940-F82A-458F-AA6B-13757685C300}.Release|Any CPU.ActiveCfg = Release|Any CPU
		{D2030940-F82A-458F-AA6B-13757685C300}.Release|Any CPU.Build.0 = Release|Any CPU
	EndGlobalSection
	GlobalSection(SolutionProperties) = preSolution
		HideSolutionNode = FALSE
	EndGlobalSection
	GlobalSection(NestedProjects) = preSolution
		{E06B7AD2-1800-4C2F-92EA-15B14F8BD6FE} = {7ED2B4B2-C6F3-4FCB-BD1E-ABEAC60493A6}
		{D2030940-F82A-458F-AA6B-13757685C300} = {0849D683-2446-4631-8FE2-696F45BD13B2}
	EndGlobalSection
	GlobalSection(ExtensibilityGlobals) = postSolution
		SolutionGuid = {ACF2B592-0769-4812-B860-F2F21539D3D7}
	EndGlobalSection
EndGlobal
