
Microsoft Visual Studio Solution File, Format Version 12.00
# Visual Studio Version 16
VisualStudioVersion = 16.0.29324.140
MinimumVisualStudioVersion = 10.0.40219.1
Project("{2150E333-8FDC-42A3-9474-1A3956D46DE8}") = "src", "src", "{0849D683-2446-4631-8FE2-696F45BD13B2}"
EndProject
Project("{2150E333-8FDC-42A3-9474-1A3956D46DE8}") = "tests", "tests", "{7ED2B4B2-C6F3-4FCB-BD1E-ABEAC60493A6}"
EndProject
Project("{9A19103F-16F7-4668-BE54-9A1E7A4F7556}") = "ToDo.Core", "src\ToDo.Core\ToDo.Core.csproj", "{D2030940-F82A-458F-AA6B-13757685C300}"
EndProject
Project("{9A19103F-16F7-4668-BE54-9A1E7A4F7556}") = "ToDo.Core.Tests", "tests\ToDo.Core.Tests\ToDo.Core.Tests.csproj", "{B33EA498-95B7-4827-9554-089FACFACF48}"
EndProject
Project("{FAE04EC0-301F-11D3-BF4B-00C04F79EFBC}") = "ToDo.Api", "src\ToDo.Api\ToDo.Api.csproj", "{FE1B7BBE-1C42-4E71-B1EB-3704C05A6038}"
EndProject
Project("{FAE04EC0-301F-11D3-BF4B-00C04F79EFBC}") = "ToDo.Api.Tests", "tests\ToDo.Api.Tests\ToDo.Api.Tests.csproj", "{AFF58077-F0D9-4182-9012-A1D015629730}"
EndProject
Global
	GlobalSection(SolutionConfigurationPlatforms) = preSolution
		Debug|Any CPU = Debug|Any CPU
		Release|Any CPU = Release|Any CPU
	EndGlobalSection
	GlobalSection(ProjectConfigurationPlatforms) = postSolution
		{D2030940-F82A-458F-AA6B-13757685C300}.Debug|Any CPU.ActiveCfg = Debug|Any CPU
		{D2030940-F82A-458F-AA6B-13757685C300}.Debug|Any CPU.Build.0 = Debug|Any CPU
		{D2030940-F82A-458F-AA6B-13757685C300}.Release|Any CPU.ActiveCfg = Release|Any CPU
		{D2030940-F82A-458F-AA6B-13757685C300}.Release|Any CPU.Build.0 = Release|Any CPU
		{B33EA498-95B7-4827-9554-089FACFACF48}.Debug|Any CPU.ActiveCfg = Debug|Any CPU
		{B33EA498-95B7-4827-9554-089FACFACF48}.Debug|Any CPU.Build.0 = Debug|Any CPU
		{B33EA498-95B7-4827-9554-089FACFACF48}.Release|Any CPU.ActiveCfg = Release|Any CPU
		{B33EA498-95B7-4827-9554-089FACFACF48}.Release|Any CPU.Build.0 = Release|Any CPU
		{FE1B7BBE-1C42-4E71-B1EB-3704C05A6038}.Debug|Any CPU.ActiveCfg = Debug|Any CPU
		{FE1B7BBE-1C42-4E71-B1EB-3704C05A6038}.Debug|Any CPU.Build.0 = Debug|Any CPU
		{FE1B7BBE-1C42-4E71-B1EB-3704C05A6038}.Release|Any CPU.ActiveCfg = Release|Any CPU
		{FE1B7BBE-1C42-4E71-B1EB-3704C05A6038}.Release|Any CPU.Build.0 = Release|Any CPU
		{AFF58077-F0D9-4182-9012-A1D015629730}.Debug|Any CPU.ActiveCfg = Debug|Any CPU
		{AFF58077-F0D9-4182-9012-A1D015629730}.Debug|Any CPU.Build.0 = Debug|Any CPU
		{AFF58077-F0D9-4182-9012-A1D015629730}.Release|Any CPU.ActiveCfg = Release|Any CPU
		{AFF58077-F0D9-4182-9012-A1D015629730}.Release|Any CPU.Build.0 = Release|Any CPU
	EndGlobalSection
	GlobalSection(SolutionProperties) = preSolution
		HideSolutionNode = FALSE
	EndGlobalSection
	GlobalSection(NestedProjects) = preSolution
		{D2030940-F82A-458F-AA6B-13757685C300} = {0849D683-2446-4631-8FE2-696F45BD13B2}
		{B33EA498-95B7-4827-9554-089FACFACF48} = {7ED2B4B2-C6F3-4FCB-BD1E-ABEAC60493A6}
		{FE1B7BBE-1C42-4E71-B1EB-3704C05A6038} = {0849D683-2446-4631-8FE2-696F45BD13B2}
		{AFF58077-F0D9-4182-9012-A1D015629730} = {7ED2B4B2-C6F3-4FCB-BD1E-ABEAC60493A6}
	EndGlobalSection
	GlobalSection(ExtensibilityGlobals) = postSolution
		SolutionGuid = {ACF2B592-0769-4812-B860-F2F21539D3D7}
	EndGlobalSection
EndGlobal
